
Microsoft Visual Studio Solution File, Format Version 12.00
# Visual Studio Version 16
VisualStudioVersion = 16.0.30002.166
MinimumVisualStudioVersion = 10.0.40219.1
Project("{FAE04EC0-301F-11D3-BF4B-00C04F79EFBC}") = "TelegramBotTranslate", "TelegramBotTranslate.csproj", "{EF868E8A-D108-4697-A566-796223E75822}"
EndProject
Global
	GlobalSection(SolutionConfigurationPlatforms) = preSolution
		Debug|Any CPU = Debug|Any CPU
		Release|Any CPU = Release|Any CPU
	EndGlobalSection
	GlobalSection(ProjectConfigurationPlatforms) = postSolution
		{EF868E8A-D108-4697-A566-796223E75822}.Debug|Any CPU.ActiveCfg = Debug|Any CPU
		{EF868E8A-D108-4697-A566-796223E75822}.Debug|Any CPU.Build.0 = Debug|Any CPU
		{EF868E8A-D108-4697-A566-796223E75822}.Release|Any CPU.ActiveCfg = Release|Any CPU
		{EF868E8A-D108-4697-A566-796223E75822}.Release|Any CPU.Build.0 = Release|Any CPU
	EndGlobalSection
	GlobalSection(SolutionProperties) = preSolution
		HideSolutionNode = FALSE
	EndGlobalSection
	GlobalSection(ExtensibilityGlobals) = postSolution
		SolutionGuid = {189C9E71-667D-45DA-B6E0-E50AD7654318}
	EndGlobalSection
EndGlobal
